
Microsoft Visual Studio Solution File, Format Version 12.00
# Visual Studio Version 17
VisualStudioVersion = 17.13.35825.156 d17.13
MinimumVisualStudioVersion = 10.0.40219.1
Project("{FAE04EC0-301F-11D3-BF4B-00C04F79EFBC}") = "SmartDisaster.API", "SmartDisaster.API.csproj", "{FA089FE8-9CA6-4739-B3B7-03E6FDEB168D}"
EndProject
Global
	GlobalSection(SolutionConfigurationPlatforms) = preSolution
		Debug|Any CPU = Debug|Any CPU
		Release|Any CPU = Release|Any CPU
	EndGlobalSection
	GlobalSection(ProjectConfigurationPlatforms) = postSolution
		{FA089FE8-9CA6-4739-B3B7-03E6FDEB168D}.Debug|Any CPU.ActiveCfg = Debug|Any CPU
		{FA089FE8-9CA6-4739-B3B7-03E6FDEB168D}.Debug|Any CPU.Build.0 = Debug|Any CPU
		{FA089FE8-9CA6-4739-B3B7-03E6FDEB168D}.Release|Any CPU.ActiveCfg = Release|Any CPU
		{FA089FE8-9CA6-4739-B3B7-03E6FDEB168D}.Release|Any CPU.Build.0 = Release|Any CPU
	EndGlobalSection
	GlobalSection(SolutionProperties) = preSolution
		HideSolutionNode = FALSE
	EndGlobalSection
	GlobalSection(ExtensibilityGlobals) = postSolution
		SolutionGuid = {E538658A-4795-4F59-A7C4-11C4E9DB0190}
	EndGlobalSection
EndGlobal
